
Microsoft Visual Studio Solution File, Format Version 12.00
# Visual Studio Version 17
VisualStudioVersion = 17.14.36414.22
MinimumVisualStudioVersion = 10.0.40219.1
Project("{FAE04EC0-301F-11D3-BF4B-00C04F79EFBC}") = "ConsoleUam3", "ConsoleUmg3\ConsoleUam3.csproj", "{114A903D-8505-4206-8CA3-FB5943096E48}"
EndProject
Project("{FAE04EC0-301F-11D3-BF4B-00C04F79EFBC}") = "Shared", "Shared\Shared.csproj", "{AC455929-CF3B-49C8-94E1-61147096BD27}"
EndProject
Project("{FAE04EC0-301F-11D3-BF4B-00C04F79EFBC}") = "Data", "Data\Data.csproj", "{FC9890AB-F7BB-4B25-BD83-63FCDC5C1281}"
EndProject
Project("{FAE04EC0-301F-11D3-BF4B-00C04F79EFBC}") = "BaseDatoSqLite", "BaseDatoSqLite\BaseDatoSqLite.csproj", "{6777DC49-3FC3-46A6-9F95-3FC93579EA8F}"
EndProject
Project("{FAE04EC0-301F-11D3-BF4B-00C04F79EFBC}") = "Helper", "Helper\Helper.csproj", "{3E91FB5C-8C1A-4994-BB3E-C80CD78457FB}"
EndProject
Project("{2150E333-8FDC-42A3-9474-1A3956D46DE8}") = "LogicaUam3", "LogicaUam3", "{02EA681E-C7D8-13C7-8484-4AC65E1B71E8}"
EndProject
Project("{2150E333-8FDC-42A3-9474-1A3956D46DE8}") = "RpaServicesDesk", "RpaServicesDesk", "{63354574-0621-4AA4-B263-36E3AD1ABC73}"
EndProject
Project("{FAE04EC0-301F-11D3-BF4B-00C04F79EFBC}") = "RpaServiceDesk", "RpaServiceDesk\RpaServiceDesk.csproj", "{7BF068BD-82CA-4590-A114-283BCCDAAE38}"
EndProject
Project("{FAE04EC0-301F-11D3-BF4B-00C04F79EFBC}") = "RetirosUIBlazor", "RetirosUIBlazor\RetirosUIBlazor.csproj", "{4DC115A4-8377-458C-8524-C09528F6B2F2}"
EndProject
Global
	GlobalSection(SolutionConfigurationPlatforms) = preSolution
		Debug|Any CPU = Debug|Any CPU
		Debug|x64 = Debug|x64
		Debug|x86 = Debug|x86
		Release|Any CPU = Release|Any CPU
		Release|x64 = Release|x64
		Release|x86 = Release|x86
	EndGlobalSection
	GlobalSection(ProjectConfigurationPlatforms) = postSolution
		{114A903D-8505-4206-8CA3-FB5943096E48}.Debug|Any CPU.ActiveCfg = Debug|Any CPU
		{114A903D-8505-4206-8CA3-FB5943096E48}.Debug|Any CPU.Build.0 = Debug|Any CPU
		{114A903D-8505-4206-8CA3-FB5943096E48}.Debug|x64.ActiveCfg = Debug|Any CPU
		{114A903D-8505-4206-8CA3-FB5943096E48}.Debug|x64.Build.0 = Debug|Any CPU
		{114A903D-8505-4206-8CA3-FB5943096E48}.Debug|x86.ActiveCfg = Debug|Any CPU
		{114A903D-8505-4206-8CA3-FB5943096E48}.Debug|x86.Build.0 = Debug|Any CPU
		{114A903D-8505-4206-8CA3-FB5943096E48}.Release|Any CPU.ActiveCfg = Release|Any CPU
		{114A903D-8505-4206-8CA3-FB5943096E48}.Release|Any CPU.Build.0 = Release|Any CPU
		{114A903D-8505-4206-8CA3-FB5943096E48}.Release|x64.ActiveCfg = Release|Any CPU
		{114A903D-8505-4206-8CA3-FB5943096E48}.Release|x64.Build.0 = Release|Any CPU
		{114A903D-8505-4206-8CA3-FB5943096E48}.Release|x86.ActiveCfg = Release|Any CPU
		{114A903D-8505-4206-8CA3-FB5943096E48}.Release|x86.Build.0 = Release|Any CPU
		{AC455929-CF3B-49C8-94E1-61147096BD27}.Debug|Any CPU.ActiveCfg = Debug|Any CPU
		{AC455929-CF3B-49C8-94E1-61147096BD27}.Debug|Any CPU.Build.0 = Debug|Any CPU
		{AC455929-CF3B-49C8-94E1-61147096BD27}.Debug|x64.ActiveCfg = Debug|Any CPU
		{AC455929-CF3B-49C8-94E1-61147096BD27}.Debug|x64.Build.0 = Debug|Any CPU
		{AC455929-CF3B-49C8-94E1-61147096BD27}.Debug|x86.ActiveCfg = Debug|Any CPU
		{AC455929-CF3B-49C8-94E1-61147096BD27}.Debug|x86.Build.0 = Debug|Any CPU
		{AC455929-CF3B-49C8-94E1-61147096BD27}.Release|Any CPU.ActiveCfg = Release|Any CPU
		{AC455929-CF3B-49C8-94E1-61147096BD27}.Release|Any CPU.Build.0 = Release|Any CPU
		{AC455929-CF3B-49C8-94E1-61147096BD27}.Release|x64.ActiveCfg = Release|Any CPU
		{AC455929-CF3B-49C8-94E1-61147096BD27}.Release|x64.Build.0 = Release|Any CPU
		{AC455929-CF3B-49C8-94E1-61147096BD27}.Release|x86.ActiveCfg = Release|Any CPU
		{AC455929-CF3B-49C8-94E1-61147096BD27}.Release|x86.Build.0 = Release|Any CPU
		{FC9890AB-F7BB-4B25-BD83-63FCDC5C1281}.Debug|Any CPU.ActiveCfg = Debug|Any CPU
		{FC9890AB-F7BB-4B25-BD83-63FCDC5C1281}.Debug|Any CPU.Build.0 = Debug|Any CPU
		{FC9890AB-F7BB-4B25-BD83-63FCDC5C1281}.Debug|x64.ActiveCfg = Debug|Any CPU
		{FC9890AB-F7BB-4B25-BD83-63FCDC5C1281}.Debug|x64.Build.0 = Debug|Any CPU
		{FC9890AB-F7BB-4B25-BD83-63FCDC5C1281}.Debug|x86.ActiveCfg = Debug|Any CPU
		{FC9890AB-F7BB-4B25-BD83-63FCDC5C1281}.Debug|x86.Build.0 = Debug|Any CPU
		{FC9890AB-F7BB-4B25-BD83-63FCDC5C1281}.Release|Any CPU.ActiveCfg = Release|Any CPU
		{FC9890AB-F7BB-4B25-BD83-63FCDC5C1281}.Release|Any CPU.Build.0 = Release|Any CPU
		{FC9890AB-F7BB-4B25-BD83-63FCDC5C1281}.Release|x64.ActiveCfg = Release|Any CPU
		{FC9890AB-F7BB-4B25-BD83-63FCDC5C1281}.Release|x64.Build.0 = Release|Any CPU
		{FC9890AB-F7BB-4B25-BD83-63FCDC5C1281}.Release|x86.ActiveCfg = Release|Any CPU
		{FC9890AB-F7BB-4B25-BD83-63FCDC5C1281}.Release|x86.Build.0 = Release|Any CPU
		{6777DC49-3FC3-46A6-9F95-3FC93579EA8F}.Debug|Any CPU.ActiveCfg = Debug|Any CPU
		{6777DC49-3FC3-46A6-9F95-3FC93579EA8F}.Debug|Any CPU.Build.0 = Debug|Any CPU
		{6777DC49-3FC3-46A6-9F95-3FC93579EA8F}.Debug|x64.ActiveCfg = Debug|Any CPU
		{6777DC49-3FC3-46A6-9F95-3FC93579EA8F}.Debug|x64.Build.0 = Debug|Any CPU
		{6777DC49-3FC3-46A6-9F95-3FC93579EA8F}.Debug|x86.ActiveCfg = Debug|Any CPU
		{6777DC49-3FC3-46A6-9F95-3FC93579EA8F}.Debug|x86.Build.0 = Debug|Any CPU
		{6777DC49-3FC3-46A6-9F95-3FC93579EA8F}.Release|Any CPU.ActiveCfg = Release|Any CPU
		{6777DC49-3FC3-46A6-9F95-3FC93579EA8F}.Release|Any CPU.Build.0 = Release|Any CPU
		{6777DC49-3FC3-46A6-9F95-3FC93579EA8F}.Release|x64.ActiveCfg = Release|Any CPU
		{6777DC49-3FC3-46A6-9F95-3FC93579EA8F}.Release|x64.Build.0 = Release|Any CPU
		{6777DC49-3FC3-46A6-9F95-3FC93579EA8F}.Release|x86.ActiveCfg = Release|Any CPU
		{6777DC49-3FC3-46A6-9F95-3FC93579EA8F}.Release|x86.Build.0 = Release|Any CPU
		{3E91FB5C-8C1A-4994-BB3E-C80CD78457FB}.Debug|Any CPU.ActiveCfg = Debug|Any CPU
		{3E91FB5C-8C1A-4994-BB3E-C80CD78457FB}.Debug|Any CPU.Build.0 = Debug|Any CPU
		{3E91FB5C-8C1A-4994-BB3E-C80CD78457FB}.Debug|x64.ActiveCfg = Debug|Any CPU
		{3E91FB5C-8C1A-4994-BB3E-C80CD78457FB}.Debug|x64.Build.0 = Debug|Any CPU
		{3E91FB5C-8C1A-4994-BB3E-C80CD78457FB}.Debug|x86.ActiveCfg = Debug|Any CPU
		{3E91FB5C-8C1A-4994-BB3E-C80CD78457FB}.Debug|x86.Build.0 = Debug|Any CPU
		{3E91FB5C-8C1A-4994-BB3E-C80CD78457FB}.Release|Any CPU.ActiveCfg = Release|Any CPU
		{3E91FB5C-8C1A-4994-BB3E-C80CD78457FB}.Release|Any CPU.Build.0 = Release|Any CPU
		{3E91FB5C-8C1A-4994-BB3E-C80CD78457FB}.Release|x64.ActiveCfg = Release|Any CPU
		{3E91FB5C-8C1A-4994-BB3E-C80CD78457FB}.Release|x64.Build.0 = Release|Any CPU
		{3E91FB5C-8C1A-4994-BB3E-C80CD78457FB}.Release|x86.ActiveCfg = Release|Any CPU
		{3E91FB5C-8C1A-4994-BB3E-C80CD78457FB}.Release|x86.Build.0 = Release|Any CPU
		{7BF068BD-82CA-4590-A114-283BCCDAAE38}.Debug|Any CPU.ActiveCfg = Debug|Any CPU
		{7BF068BD-82CA-4590-A114-283BCCDAAE38}.Debug|Any CPU.Build.0 = Debug|Any CPU
		{7BF068BD-82CA-4590-A114-283BCCDAAE38}.Debug|x64.ActiveCfg = Debug|Any CPU
		{7BF068BD-82CA-4590-A114-283BCCDAAE38}.Debug|x64.Build.0 = Debug|Any CPU
		{7BF068BD-82CA-4590-A114-283BCCDAAE38}.Debug|x86.ActiveCfg = Debug|Any CPU
		{7BF068BD-82CA-4590-A114-283BCCDAAE38}.Debug|x86.Build.0 = Debug|Any CPU
		{7BF068BD-82CA-4590-A114-283BCCDAAE38}.Release|Any CPU.ActiveCfg = Release|Any CPU
		{7BF068BD-82CA-4590-A114-283BCCDAAE38}.Release|Any CPU.Build.0 = Release|Any CPU
		{7BF068BD-82CA-4590-A114-283BCCDAAE38}.Release|x64.ActiveCfg = Release|Any CPU
		{7BF068BD-82CA-4590-A114-283BCCDAAE38}.Release|x64.Build.0 = Release|Any CPU
		{7BF068BD-82CA-4590-A114-283BCCDAAE38}.Release|x86.ActiveCfg = Release|Any CPU
		{7BF068BD-82CA-4590-A114-283BCCDAAE38}.Release|x86.Build.0 = Release|Any CPU
		{4DC115A4-8377-458C-8524-C09528F6B2F2}.Debug|Any CPU.ActiveCfg = Debug|Any CPU
		{4DC115A4-8377-458C-8524-C09528F6B2F2}.Debug|Any CPU.Build.0 = Debug|Any CPU
		{4DC115A4-8377-458C-8524-C09528F6B2F2}.Debug|x64.ActiveCfg = Debug|Any CPU
		{4DC115A4-8377-458C-8524-C09528F6B2F2}.Debug|x64.Build.0 = Debug|Any CPU
		{4DC115A4-8377-458C-8524-C09528F6B2F2}.Debug|x86.ActiveCfg = Debug|Any CPU
		{4DC115A4-8377-458C-8524-C09528F6B2F2}.Debug|x86.Build.0 = Debug|Any CPU
		{4DC115A4-8377-458C-8524-C09528F6B2F2}.Release|Any CPU.ActiveCfg = Release|Any CPU
		{4DC115A4-8377-458C-8524-C09528F6B2F2}.Release|Any CPU.Build.0 = Release|Any CPU
		{4DC115A4-8377-458C-8524-C09528F6B2F2}.Release|x64.ActiveCfg = Release|Any CPU
		{4DC115A4-8377-458C-8524-C09528F6B2F2}.Release|x64.Build.0 = Release|Any CPU
		{4DC115A4-8377-458C-8524-C09528F6B2F2}.Release|x86.ActiveCfg = Release|Any CPU
		{4DC115A4-8377-458C-8524-C09528F6B2F2}.Release|x86.Build.0 = Release|Any CPU
	EndGlobalSection
	GlobalSection(SolutionProperties) = preSolution
		HideSolutionNode = FALSE
	EndGlobalSection
	GlobalSection(NestedProjects) = preSolution
		{114A903D-8505-4206-8CA3-FB5943096E48} = {02EA681E-C7D8-13C7-8484-4AC65E1B71E8}
		{AC455929-CF3B-49C8-94E1-61147096BD27} = {02EA681E-C7D8-13C7-8484-4AC65E1B71E8}
		{FC9890AB-F7BB-4B25-BD83-63FCDC5C1281} = {02EA681E-C7D8-13C7-8484-4AC65E1B71E8}
		{6777DC49-3FC3-46A6-9F95-3FC93579EA8F} = {02EA681E-C7D8-13C7-8484-4AC65E1B71E8}
		{3E91FB5C-8C1A-4994-BB3E-C80CD78457FB} = {02EA681E-C7D8-13C7-8484-4AC65E1B71E8}
		{7BF068BD-82CA-4590-A114-283BCCDAAE38} = {63354574-0621-4AA4-B263-36E3AD1ABC73}
	EndGlobalSection
	GlobalSection(ExtensibilityGlobals) = postSolution
		SolutionGuid = {455B2C72-855B-4FE4-89ED-901A079CD5D6}
	EndGlobalSection
EndGlobal
